
Microsoft Visual Studio Solution File, Format Version 12.00
# Visual Studio Version 17
VisualStudioVersion = 17.7.34202.233
MinimumVisualStudioVersion = 10.0.40219.1
Project("{888888A0-9F3D-457C-B088-3A5042F75D52}") = "appFirstGUI", "appFirstGUI\appFirstGUI.pyproj", "{4255247B-19BD-4052-8199-F767C64EE87E}"
EndProject
Global
	GlobalSection(SolutionConfigurationPlatforms) = preSolution
		Debug|Any CPU = Debug|Any CPU
		Release|Any CPU = Release|Any CPU
	EndGlobalSection
	GlobalSection(ProjectConfigurationPlatforms) = postSolution
		{4255247B-19BD-4052-8199-F767C64EE87E}.Debug|Any CPU.ActiveCfg = Debug|Any CPU
		{4255247B-19BD-4052-8199-F767C64EE87E}.Release|Any CPU.ActiveCfg = Release|Any CPU
	EndGlobalSection
	GlobalSection(SolutionProperties) = preSolution
		HideSolutionNode = FALSE
	EndGlobalSection
	GlobalSection(ExtensibilityGlobals) = postSolution
		SolutionGuid = {30E88A9D-69AB-4B42-848D-933765544347}
	EndGlobalSection
EndGlobal
